
Microsoft Visual Studio Solution File, Format Version 12.00
Project("{FAE04EC0-301F-11D3-BF4B-00C04F79EFBC}") = "UnitTests", "..\..\ProcessProxy\src\UnitTests\UnitTests.csproj", "{8ACF85B1-8900-4503-A44E-260EE0EBB217}"
EndProject
Project("{FAE04EC0-301F-11D3-BF4B-00C04F79EFBC}") = "Core", "Core\Core.csproj", "{F7A80F1E-6840-4E1A-80A1-AC5413FA5264}"
EndProject
Project("{FAE04EC0-301F-11D3-BF4B-00C04F79EFBC}") = "Demo", "Demo\Demo.csproj", "{5003E150-9689-40E1-A07D-DC917BAF452C}"
EndProject
Project("{FAE04EC0-301F-11D3-BF4B-00C04F79EFBC}") = "AbstractSchnitzel", "AbstractSchnitzel\AbstractSchnitzel.csproj", "{35FE425B-9ECA-468B-8F71-DC5D3749F906}"
EndProject
Global
	GlobalSection(SolutionConfigurationPlatforms) = preSolution
		Debug|Any CPU = Debug|Any CPU
		Release|Any CPU = Release|Any CPU
	EndGlobalSection
	GlobalSection(ProjectConfigurationPlatforms) = postSolution
		{8ACF85B1-8900-4503-A44E-260EE0EBB217}.Debug|Any CPU.ActiveCfg = Debug|Any CPU
		{8ACF85B1-8900-4503-A44E-260EE0EBB217}.Debug|Any CPU.Build.0 = Debug|Any CPU
		{8ACF85B1-8900-4503-A44E-260EE0EBB217}.Release|Any CPU.ActiveCfg = Release|Any CPU
		{8ACF85B1-8900-4503-A44E-260EE0EBB217}.Release|Any CPU.Build.0 = Release|Any CPU
		{F7A80F1E-6840-4E1A-80A1-AC5413FA5264}.Debug|Any CPU.ActiveCfg = Debug|Any CPU
		{F7A80F1E-6840-4E1A-80A1-AC5413FA5264}.Debug|Any CPU.Build.0 = Debug|Any CPU
		{F7A80F1E-6840-4E1A-80A1-AC5413FA5264}.Release|Any CPU.ActiveCfg = Release|Any CPU
		{F7A80F1E-6840-4E1A-80A1-AC5413FA5264}.Release|Any CPU.Build.0 = Release|Any CPU
		{5003E150-9689-40E1-A07D-DC917BAF452C}.Debug|Any CPU.ActiveCfg = Debug|Any CPU
		{5003E150-9689-40E1-A07D-DC917BAF452C}.Debug|Any CPU.Build.0 = Debug|Any CPU
		{5003E150-9689-40E1-A07D-DC917BAF452C}.Release|Any CPU.ActiveCfg = Release|Any CPU
		{5003E150-9689-40E1-A07D-DC917BAF452C}.Release|Any CPU.Build.0 = Release|Any CPU
		{35FE425B-9ECA-468B-8F71-DC5D3749F906}.Debug|Any CPU.ActiveCfg = Debug|Any CPU
		{35FE425B-9ECA-468B-8F71-DC5D3749F906}.Debug|Any CPU.Build.0 = Debug|Any CPU
		{35FE425B-9ECA-468B-8F71-DC5D3749F906}.Release|Any CPU.ActiveCfg = Release|Any CPU
		{35FE425B-9ECA-468B-8F71-DC5D3749F906}.Release|Any CPU.Build.0 = Release|Any CPU
	EndGlobalSection
EndGlobal
